
Microsoft Visual Studio Solution File, Format Version 12.00
# Visual Studio Version 17
VisualStudioVersion = 17.5.002.0
MinimumVisualStudioVersion = 10.0.40219.1
Project("{9A19103F-16F7-4668-BE54-9A1E7A4F7556}") = "AbyStockManager.Web", "AbyStockManager.Web.csproj", "{B8BF226D-EF96-4CBF-8D97-88FC5ED90763}"
EndProject
Global
	GlobalSection(SolutionConfigurationPlatforms) = preSolution
		Debug|Any CPU = Debug|Any CPU
		Release|Any CPU = Release|Any CPU
	EndGlobalSection
	GlobalSection(ProjectConfigurationPlatforms) = postSolution
		{B8BF226D-EF96-4CBF-8D97-88FC5ED90763}.Debug|Any CPU.ActiveCfg = Debug|Any CPU
		{B8BF226D-EF96-4CBF-8D97-88FC5ED90763}.Debug|Any CPU.Build.0 = Debug|Any CPU
		{B8BF226D-EF96-4CBF-8D97-88FC5ED90763}.Release|Any CPU.ActiveCfg = Release|Any CPU
		{B8BF226D-EF96-4CBF-8D97-88FC5ED90763}.Release|Any CPU.Build.0 = Release|Any CPU
	EndGlobalSection
	GlobalSection(SolutionProperties) = preSolution
		HideSolutionNode = FALSE
	EndGlobalSection
	GlobalSection(ExtensibilityGlobals) = postSolution
		SolutionGuid = {5154B01F-817C-4F6B-84D4-23B04C757BEE}
	EndGlobalSection
EndGlobal
